
Microsoft Visual Studio Solution File, Format Version 12.00
# Visual Studio Version 16
VisualStudioVersion = 16.0.809.8
MinimumVisualStudioVersion = 10.0.40219.1
Project("{FAE04EC0-301F-11D3-BF4B-00C04F79EFBC}") = "OdeToFood", "OdeToFood\OdeToFood.csproj", "{C6129356-D879-4DAF-B400-F37FC1E2C872}"
EndProject
Global
	GlobalSection(SolutionConfigurationPlatforms) = preSolution
		Debug|Any CPU = Debug|Any CPU
		Release|Any CPU = Release|Any CPU
	EndGlobalSection
	GlobalSection(ProjectConfigurationPlatforms) = postSolution
		{C6129356-D879-4DAF-B400-F37FC1E2C872}.Debug|Any CPU.ActiveCfg = Debug|Any CPU
		{C6129356-D879-4DAF-B400-F37FC1E2C872}.Debug|Any CPU.Build.0 = Debug|Any CPU
		{C6129356-D879-4DAF-B400-F37FC1E2C872}.Release|Any CPU.ActiveCfg = Release|Any CPU
		{C6129356-D879-4DAF-B400-F37FC1E2C872}.Release|Any CPU.Build.0 = Release|Any CPU
	EndGlobalSection
	GlobalSection(SolutionProperties) = preSolution
		HideSolutionNode = FALSE
	EndGlobalSection
	GlobalSection(ExtensibilityGlobals) = postSolution
		SolutionGuid = {DFD9527A-40A7-4FCE-85A1-D4120A5F322A}
	EndGlobalSection
EndGlobal
